
Microsoft Visual Studio Solution File, Format Version 12.00
Project("{FAE04EC0-301F-11D3-BF4B-00C04F79EFBC}") = "Maui_prj_solution_app", "Maui_prj_solution_app\Maui_prj_solution_app.csproj", "{D79F2264-2856-4444-BDF6-13A4347EBF32}"
EndProject
Global
	GlobalSection(SolutionConfigurationPlatforms) = preSolution
		Debug|Any CPU = Debug|Any CPU
		Release|Any CPU = Release|Any CPU
	EndGlobalSection
	GlobalSection(ProjectConfigurationPlatforms) = postSolution
		{D79F2264-2856-4444-BDF6-13A4347EBF32}.Debug|Any CPU.ActiveCfg = Debug|Any CPU
		{D79F2264-2856-4444-BDF6-13A4347EBF32}.Debug|Any CPU.Build.0 = Debug|Any CPU
		{D79F2264-2856-4444-BDF6-13A4347EBF32}.Release|Any CPU.ActiveCfg = Release|Any CPU
		{D79F2264-2856-4444-BDF6-13A4347EBF32}.Release|Any CPU.Build.0 = Release|Any CPU
	EndGlobalSection
EndGlobal
